# THIS IS AN AUTOGENERATED FILE. DO NOT EDIT THIS FILE DIRECTLY.
# yarn lockfile v1


"@types/node@^20.3.2":
  version "20.16.12"
  resolved "https://registry.yarnpkg.com/@types/node/-/node-20.16.12.tgz#61cc9be049584b472fa31e465aa0ab3c090dac56"
  integrity sha512-LfPFB0zOeCeCNQV3i+67rcoVvoN5n0NVuR2vLG0O5ySQMgchuZlC4lgz546ZOJyDtj5KIgOxy+lacOimfqZAIA==
  dependencies:
    undici-types "~6.19.2"

typescript@^5.4.3:
  version "5.6.3"
  resolved "https://registry.yarnpkg.com/typescript/-/typescript-5.6.3.tgz#5f3449e31c9d94febb17de03cc081dd56d81db5b"
  integrity sha512-hjcS1mhfuyi4WW8IWtjP7brDrG2cuDZukyrYrSauoXGNgx0S7zceP07adYkJycEr56BOUTNPzbInooiN3fn1qw==

undici-types@~6.19.2:
  version "6.19.8"
  resolved "https://registry.yarnpkg.com/undici-types/-/undici-types-6.19.8.tgz#35111c9d1437ab83a7cdc0abae2f26d88eda0a02"
  integrity sha512-ve2KP6f/JnbPBFyobGHuerC9g1FYGn/F8n1LWTwNxCEzd6IfqTwUQcNXgEtmmQ6DlRrC1hrSrBnCZPokRrDHjw==
